
Microsoft Visual Studio Solution File, Format Version 12.00
# Visual Studio Version 16
VisualStudioVersion = 16.0.31624.102
MinimumVisualStudioVersion = 10.0.40219.1
Project("{9A19103F-16F7-4668-BE54-9A1E7A4F7556}") = "SolutionForGit", "SolutionForGit\SolutionForGit.csproj", "{EAAA2B4C-F2E4-4A91-97B8-7EAE15D3B0D7}"
EndProject
Project("{9A19103F-16F7-4668-BE54-9A1E7A4F7556}") = "Lab_1-3", "Lab_1\Lab_1-3.csproj", "{A097C50D-CD36-4CFA-9324-D70ADEC74575}"
EndProject
Project("{9A19103F-16F7-4668-BE54-9A1E7A4F7556}") = "Lab_4", "Lab_4\Lab_4.csproj", "{C2540172-4F51-4F22-86F2-A66C7A124BE7}"
EndProject
Project("{9A19103F-16F7-4668-BE54-9A1E7A4F7556}") = "Lab_5", "Lab_5\Lab_5.csproj", "{96AAB326-89F3-4FA1-ABC3-ED7A5B443BB1}"
EndProject
Project("{9A19103F-16F7-4668-BE54-9A1E7A4F7556}") = "Lab_6", "Lab_6\Lab_6.csproj", "{630E3250-8AF7-404D-8F80-8680201A0311}"
EndProject
Project("{9A19103F-16F7-4668-BE54-9A1E7A4F7556}") = "Lab_7", "Lab_7\Lab_7.csproj", "{D998F550-7071-4F04-8DCF-AEB20F783A68}"
EndProject
Project("{9A19103F-16F7-4668-BE54-9A1E7A4F7556}") = "Lab_8", "Lab_8\Lab_8.csproj", "{2C60FC1A-BDD9-47FF-AEF7-11275F4320B7}"
EndProject
Project("{9A19103F-16F7-4668-BE54-9A1E7A4F7556}") = "Lab_9", "Lab_9\Lab_9.csproj", "{BE31F920-38C0-4BB9-A467-4753297DA0A7}"
EndProject
Project("{9A19103F-16F7-4668-BE54-9A1E7A4F7556}") = "Lab_10", "Lab_10\Lab_10.csproj", "{547C0A5F-2862-469E-A6C6-EE09D4A970A0}"
EndProject
Project("{9A19103F-16F7-4668-BE54-9A1E7A4F7556}") = "Lab_11", "Lab_11\Lab_11.csproj", "{FA8A4422-C6CF-4D33-A215-198346CA5CCA}"
EndProject
Project("{9A19103F-16F7-4668-BE54-9A1E7A4F7556}") = "Lab_12", "Lab_12\Lab_12.csproj", "{12AC994A-F5F9-40DF-A7B9-5318F8BDDA0C}"
EndProject
Project("{9A19103F-16F7-4668-BE54-9A1E7A4F7556}") = "Lab_13", "Lab_13\Lab_13.csproj", "{6086C58E-C7B6-4A03-93E1-03B73390E675}"
EndProject
Project("{9A19103F-16F7-4668-BE54-9A1E7A4F7556}") = "Lab_14", "Lab_14\Lab_14.csproj", "{A518CCF8-AC7B-4FCB-BBAC-736466639812}"
EndProject
Project("{9A19103F-16F7-4668-BE54-9A1E7A4F7556}") = "Lab_15", "Lab_15\Lab_15.csproj", "{89B9E6D5-2846-4455-A090-93BCAA97D13D}"
EndProject
Project("{9A19103F-16F7-4668-BE54-9A1E7A4F7556}") = "Lab_16", "Lab_16\Lab_16.csproj", "{AB1A6C2B-EA52-4EC4-B57B-4A23338D6095}"
EndProject
Project("{9A19103F-16F7-4668-BE54-9A1E7A4F7556}") = "Lab_17", "Lab_17\Lab_17.csproj", "{5B0676B3-0C4D-46DC-9C44-A7829D70A7A8}"
EndProject
Project("{FAE04EC0-301F-11D3-BF4B-00C04F79EFBC}") = "Lab_18", "Lab_18\Lab_18.csproj", "{9A6CC7F1-DA5B-48AD-9AFB-71C4860C89FA}"
EndProject
Global
	GlobalSection(SolutionConfigurationPlatforms) = preSolution
		Debug|Any CPU = Debug|Any CPU
		Debug|x64 = Debug|x64
		Debug|x86 = Debug|x86
		Release|Any CPU = Release|Any CPU
		Release|x64 = Release|x64
		Release|x86 = Release|x86
	EndGlobalSection
	GlobalSection(ProjectConfigurationPlatforms) = postSolution
		{EAAA2B4C-F2E4-4A91-97B8-7EAE15D3B0D7}.Debug|Any CPU.ActiveCfg = Debug|Any CPU
		{EAAA2B4C-F2E4-4A91-97B8-7EAE15D3B0D7}.Debug|Any CPU.Build.0 = Debug|Any CPU
		{EAAA2B4C-F2E4-4A91-97B8-7EAE15D3B0D7}.Debug|x64.ActiveCfg = Debug|Any CPU
		{EAAA2B4C-F2E4-4A91-97B8-7EAE15D3B0D7}.Debug|x64.Build.0 = Debug|Any CPU
		{EAAA2B4C-F2E4-4A91-97B8-7EAE15D3B0D7}.Debug|x86.ActiveCfg = Debug|Any CPU
		{EAAA2B4C-F2E4-4A91-97B8-7EAE15D3B0D7}.Debug|x86.Build.0 = Debug|Any CPU
		{EAAA2B4C-F2E4-4A91-97B8-7EAE15D3B0D7}.Release|Any CPU.ActiveCfg = Release|Any CPU
		{EAAA2B4C-F2E4-4A91-97B8-7EAE15D3B0D7}.Release|Any CPU.Build.0 = Release|Any CPU
		{EAAA2B4C-F2E4-4A91-97B8-7EAE15D3B0D7}.Release|x64.ActiveCfg = Release|Any CPU
		{EAAA2B4C-F2E4-4A91-97B8-7EAE15D3B0D7}.Release|x64.Build.0 = Release|Any CPU
		{EAAA2B4C-F2E4-4A91-97B8-7EAE15D3B0D7}.Release|x86.ActiveCfg = Release|Any CPU
		{EAAA2B4C-F2E4-4A91-97B8-7EAE15D3B0D7}.Release|x86.Build.0 = Release|Any CPU
		{A097C50D-CD36-4CFA-9324-D70ADEC74575}.Debug|Any CPU.ActiveCfg = Debug|Any CPU
		{A097C50D-CD36-4CFA-9324-D70ADEC74575}.Debug|Any CPU.Build.0 = Debug|Any CPU
		{A097C50D-CD36-4CFA-9324-D70ADEC74575}.Debug|x64.ActiveCfg = Debug|Any CPU
		{A097C50D-CD36-4CFA-9324-D70ADEC74575}.Debug|x64.Build.0 = Debug|Any CPU
		{A097C50D-CD36-4CFA-9324-D70ADEC74575}.Debug|x86.ActiveCfg = Debug|Any CPU
		{A097C50D-CD36-4CFA-9324-D70ADEC74575}.Debug|x86.Build.0 = Debug|Any CPU
		{A097C50D-CD36-4CFA-9324-D70ADEC74575}.Release|Any CPU.ActiveCfg = Release|Any CPU
		{A097C50D-CD36-4CFA-9324-D70ADEC74575}.Release|Any CPU.Build.0 = Release|Any CPU
		{A097C50D-CD36-4CFA-9324-D70ADEC74575}.Release|x64.ActiveCfg = Release|Any CPU
		{A097C50D-CD36-4CFA-9324-D70ADEC74575}.Release|x64.Build.0 = Release|Any CPU
		{A097C50D-CD36-4CFA-9324-D70ADEC74575}.Release|x86.ActiveCfg = Release|Any CPU
		{A097C50D-CD36-4CFA-9324-D70ADEC74575}.Release|x86.Build.0 = Release|Any CPU
		{C2540172-4F51-4F22-86F2-A66C7A124BE7}.Debug|Any CPU.ActiveCfg = Debug|Any CPU
		{C2540172-4F51-4F22-86F2-A66C7A124BE7}.Debug|Any CPU.Build.0 = Debug|Any CPU
		{C2540172-4F51-4F22-86F2-A66C7A124BE7}.Debug|x64.ActiveCfg = Debug|Any CPU
		{C2540172-4F51-4F22-86F2-A66C7A124BE7}.Debug|x64.Build.0 = Debug|Any CPU
		{C2540172-4F51-4F22-86F2-A66C7A124BE7}.Debug|x86.ActiveCfg = Debug|Any CPU
		{C2540172-4F51-4F22-86F2-A66C7A124BE7}.Debug|x86.Build.0 = Debug|Any CPU
		{C2540172-4F51-4F22-86F2-A66C7A124BE7}.Release|Any CPU.ActiveCfg = Release|Any CPU
		{C2540172-4F51-4F22-86F2-A66C7A124BE7}.Release|Any CPU.Build.0 = Release|Any CPU
		{C2540172-4F51-4F22-86F2-A66C7A124BE7}.Release|x64.ActiveCfg = Release|Any CPU
		{C2540172-4F51-4F22-86F2-A66C7A124BE7}.Release|x64.Build.0 = Release|Any CPU
		{C2540172-4F51-4F22-86F2-A66C7A124BE7}.Release|x86.ActiveCfg = Release|Any CPU
		{C2540172-4F51-4F22-86F2-A66C7A124BE7}.Release|x86.Build.0 = Release|Any CPU
		{96AAB326-89F3-4FA1-ABC3-ED7A5B443BB1}.Debug|Any CPU.ActiveCfg = Debug|Any CPU
		{96AAB326-89F3-4FA1-ABC3-ED7A5B443BB1}.Debug|Any CPU.Build.0 = Debug|Any CPU
		{96AAB326-89F3-4FA1-ABC3-ED7A5B443BB1}.Debug|x64.ActiveCfg = Debug|Any CPU
		{96AAB326-89F3-4FA1-ABC3-ED7A5B443BB1}.Debug|x64.Build.0 = Debug|Any CPU
		{96AAB326-89F3-4FA1-ABC3-ED7A5B443BB1}.Debug|x86.ActiveCfg = Debug|Any CPU
		{96AAB326-89F3-4FA1-ABC3-ED7A5B443BB1}.Debug|x86.Build.0 = Debug|Any CPU
		{96AAB326-89F3-4FA1-ABC3-ED7A5B443BB1}.Release|Any CPU.ActiveCfg = Release|Any CPU
		{96AAB326-89F3-4FA1-ABC3-ED7A5B443BB1}.Release|Any CPU.Build.0 = Release|Any CPU
		{96AAB326-89F3-4FA1-ABC3-ED7A5B443BB1}.Release|x64.ActiveCfg = Release|Any CPU
		{96AAB326-89F3-4FA1-ABC3-ED7A5B443BB1}.Release|x64.Build.0 = Release|Any CPU
		{96AAB326-89F3-4FA1-ABC3-ED7A5B443BB1}.Release|x86.ActiveCfg = Release|Any CPU
		{96AAB326-89F3-4FA1-ABC3-ED7A5B443BB1}.Release|x86.Build.0 = Release|Any CPU
		{630E3250-8AF7-404D-8F80-8680201A0311}.Debug|Any CPU.ActiveCfg = Debug|Any CPU
		{630E3250-8AF7-404D-8F80-8680201A0311}.Debug|Any CPU.Build.0 = Debug|Any CPU
		{630E3250-8AF7-404D-8F80-8680201A0311}.Debug|x64.ActiveCfg = Debug|Any CPU
		{630E3250-8AF7-404D-8F80-8680201A0311}.Debug|x64.Build.0 = Debug|Any CPU
		{630E3250-8AF7-404D-8F80-8680201A0311}.Debug|x86.ActiveCfg = Debug|Any CPU
		{630E3250-8AF7-404D-8F80-8680201A0311}.Debug|x86.Build.0 = Debug|Any CPU
		{630E3250-8AF7-404D-8F80-8680201A0311}.Release|Any CPU.ActiveCfg = Release|Any CPU
		{630E3250-8AF7-404D-8F80-8680201A0311}.Release|Any CPU.Build.0 = Release|Any CPU
		{630E3250-8AF7-404D-8F80-8680201A0311}.Release|x64.ActiveCfg = Release|Any CPU
		{630E3250-8AF7-404D-8F80-8680201A0311}.Release|x64.Build.0 = Release|Any CPU
		{630E3250-8AF7-404D-8F80-8680201A0311}.Release|x86.ActiveCfg = Release|Any CPU
		{630E3250-8AF7-404D-8F80-8680201A0311}.Release|x86.Build.0 = Release|Any CPU
		{D998F550-7071-4F04-8DCF-AEB20F783A68}.Debug|Any CPU.ActiveCfg = Debug|Any CPU
		{D998F550-7071-4F04-8DCF-AEB20F783A68}.Debug|Any CPU.Build.0 = Debug|Any CPU
		{D998F550-7071-4F04-8DCF-AEB20F783A68}.Debug|x64.ActiveCfg = Debug|Any CPU
		{D998F550-7071-4F04-8DCF-AEB20F783A68}.Debug|x64.Build.0 = Debug|Any CPU
		{D998F550-7071-4F04-8DCF-AEB20F783A68}.Debug|x86.ActiveCfg = Debug|Any CPU
		{D998F550-7071-4F04-8DCF-AEB20F783A68}.Debug|x86.Build.0 = Debug|Any CPU
		{D998F550-7071-4F04-8DCF-AEB20F783A68}.Release|Any CPU.ActiveCfg = Release|Any CPU
		{D998F550-7071-4F04-8DCF-AEB20F783A68}.Release|Any CPU.Build.0 = Release|Any CPU
		{D998F550-7071-4F04-8DCF-AEB20F783A68}.Release|x64.ActiveCfg = Release|Any CPU
		{D998F550-7071-4F04-8DCF-AEB20F783A68}.Release|x64.Build.0 = Release|Any CPU
		{D998F550-7071-4F04-8DCF-AEB20F783A68}.Release|x86.ActiveCfg = Release|Any CPU
		{D998F550-7071-4F04-8DCF-AEB20F783A68}.Release|x86.Build.0 = Release|Any CPU
		{2C60FC1A-BDD9-47FF-AEF7-11275F4320B7}.Debug|Any CPU.ActiveCfg = Debug|Any CPU
		{2C60FC1A-BDD9-47FF-AEF7-11275F4320B7}.Debug|Any CPU.Build.0 = Debug|Any CPU
		{2C60FC1A-BDD9-47FF-AEF7-11275F4320B7}.Debug|x64.ActiveCfg = Debug|Any CPU
		{2C60FC1A-BDD9-47FF-AEF7-11275F4320B7}.Debug|x64.Build.0 = Debug|Any CPU
		{2C60FC1A-BDD9-47FF-AEF7-11275F4320B7}.Debug|x86.ActiveCfg = Debug|Any CPU
		{2C60FC1A-BDD9-47FF-AEF7-11275F4320B7}.Debug|x86.Build.0 = Debug|Any CPU
		{2C60FC1A-BDD9-47FF-AEF7-11275F4320B7}.Release|Any CPU.ActiveCfg = Release|Any CPU
		{2C60FC1A-BDD9-47FF-AEF7-11275F4320B7}.Release|Any CPU.Build.0 = Release|Any CPU
		{2C60FC1A-BDD9-47FF-AEF7-11275F4320B7}.Release|x64.ActiveCfg = Release|Any CPU
		{2C60FC1A-BDD9-47FF-AEF7-11275F4320B7}.Release|x64.Build.0 = Release|Any CPU
		{2C60FC1A-BDD9-47FF-AEF7-11275F4320B7}.Release|x86.ActiveCfg = Release|Any CPU
		{2C60FC1A-BDD9-47FF-AEF7-11275F4320B7}.Release|x86.Build.0 = Release|Any CPU
		{BE31F920-38C0-4BB9-A467-4753297DA0A7}.Debug|Any CPU.ActiveCfg = Debug|Any CPU
		{BE31F920-38C0-4BB9-A467-4753297DA0A7}.Debug|Any CPU.Build.0 = Debug|Any CPU
		{BE31F920-38C0-4BB9-A467-4753297DA0A7}.Debug|x64.ActiveCfg = Debug|Any CPU
		{BE31F920-38C0-4BB9-A467-4753297DA0A7}.Debug|x64.Build.0 = Debug|Any CPU
		{BE31F920-38C0-4BB9-A467-4753297DA0A7}.Debug|x86.ActiveCfg = Debug|Any CPU
		{BE31F920-38C0-4BB9-A467-4753297DA0A7}.Debug|x86.Build.0 = Debug|Any CPU
		{BE31F920-38C0-4BB9-A467-4753297DA0A7}.Release|Any CPU.ActiveCfg = Release|Any CPU
		{BE31F920-38C0-4BB9-A467-4753297DA0A7}.Release|Any CPU.Build.0 = Release|Any CPU
		{BE31F920-38C0-4BB9-A467-4753297DA0A7}.Release|x64.ActiveCfg = Release|Any CPU
		{BE31F920-38C0-4BB9-A467-4753297DA0A7}.Release|x64.Build.0 = Release|Any CPU
		{BE31F920-38C0-4BB9-A467-4753297DA0A7}.Release|x86.ActiveCfg = Release|Any CPU
		{BE31F920-38C0-4BB9-A467-4753297DA0A7}.Release|x86.Build.0 = Release|Any CPU
		{547C0A5F-2862-469E-A6C6-EE09D4A970A0}.Debug|Any CPU.ActiveCfg = Debug|Any CPU
		{547C0A5F-2862-469E-A6C6-EE09D4A970A0}.Debug|Any CPU.Build.0 = Debug|Any CPU
		{547C0A5F-2862-469E-A6C6-EE09D4A970A0}.Debug|x64.ActiveCfg = Debug|Any CPU
		{547C0A5F-2862-469E-A6C6-EE09D4A970A0}.Debug|x64.Build.0 = Debug|Any CPU
		{547C0A5F-2862-469E-A6C6-EE09D4A970A0}.Debug|x86.ActiveCfg = Debug|Any CPU
		{547C0A5F-2862-469E-A6C6-EE09D4A970A0}.Debug|x86.Build.0 = Debug|Any CPU
		{547C0A5F-2862-469E-A6C6-EE09D4A970A0}.Release|Any CPU.ActiveCfg = Release|Any CPU
		{547C0A5F-2862-469E-A6C6-EE09D4A970A0}.Release|Any CPU.Build.0 = Release|Any CPU
		{547C0A5F-2862-469E-A6C6-EE09D4A970A0}.Release|x64.ActiveCfg = Release|Any CPU
		{547C0A5F-2862-469E-A6C6-EE09D4A970A0}.Release|x64.Build.0 = Release|Any CPU
		{547C0A5F-2862-469E-A6C6-EE09D4A970A0}.Release|x86.ActiveCfg = Release|Any CPU
		{547C0A5F-2862-469E-A6C6-EE09D4A970A0}.Release|x86.Build.0 = Release|Any CPU
		{FA8A4422-C6CF-4D33-A215-198346CA5CCA}.Debug|Any CPU.ActiveCfg = Debug|Any CPU
		{FA8A4422-C6CF-4D33-A215-198346CA5CCA}.Debug|Any CPU.Build.0 = Debug|Any CPU
		{FA8A4422-C6CF-4D33-A215-198346CA5CCA}.Debug|x64.ActiveCfg = Debug|Any CPU
		{FA8A4422-C6CF-4D33-A215-198346CA5CCA}.Debug|x64.Build.0 = Debug|Any CPU
		{FA8A4422-C6CF-4D33-A215-198346CA5CCA}.Debug|x86.ActiveCfg = Debug|Any CPU
		{FA8A4422-C6CF-4D33-A215-198346CA5CCA}.Debug|x86.Build.0 = Debug|Any CPU
		{FA8A4422-C6CF-4D33-A215-198346CA5CCA}.Release|Any CPU.ActiveCfg = Release|Any CPU
		{FA8A4422-C6CF-4D33-A215-198346CA5CCA}.Release|Any CPU.Build.0 = Release|Any CPU
		{FA8A4422-C6CF-4D33-A215-198346CA5CCA}.Release|x64.ActiveCfg = Release|Any CPU
		{FA8A4422-C6CF-4D33-A215-198346CA5CCA}.Release|x64.Build.0 = Release|Any CPU
		{FA8A4422-C6CF-4D33-A215-198346CA5CCA}.Release|x86.ActiveCfg = Release|Any CPU
		{FA8A4422-C6CF-4D33-A215-198346CA5CCA}.Release|x86.Build.0 = Release|Any CPU
		{12AC994A-F5F9-40DF-A7B9-5318F8BDDA0C}.Debug|Any CPU.ActiveCfg = Debug|Any CPU
		{12AC994A-F5F9-40DF-A7B9-5318F8BDDA0C}.Debug|Any CPU.Build.0 = Debug|Any CPU
		{12AC994A-F5F9-40DF-A7B9-5318F8BDDA0C}.Debug|x64.ActiveCfg = Debug|Any CPU
		{12AC994A-F5F9-40DF-A7B9-5318F8BDDA0C}.Debug|x64.Build.0 = Debug|Any CPU
		{12AC994A-F5F9-40DF-A7B9-5318F8BDDA0C}.Debug|x86.ActiveCfg = Debug|Any CPU
		{12AC994A-F5F9-40DF-A7B9-5318F8BDDA0C}.Debug|x86.Build.0 = Debug|Any CPU
		{12AC994A-F5F9-40DF-A7B9-5318F8BDDA0C}.Release|Any CPU.ActiveCfg = Release|Any CPU
		{12AC994A-F5F9-40DF-A7B9-5318F8BDDA0C}.Release|Any CPU.Build.0 = Release|Any CPU
		{12AC994A-F5F9-40DF-A7B9-5318F8BDDA0C}.Release|x64.ActiveCfg = Release|Any CPU
		{12AC994A-F5F9-40DF-A7B9-5318F8BDDA0C}.Release|x64.Build.0 = Release|Any CPU
		{12AC994A-F5F9-40DF-A7B9-5318F8BDDA0C}.Release|x86.ActiveCfg = Release|Any CPU
		{12AC994A-F5F9-40DF-A7B9-5318F8BDDA0C}.Release|x86.Build.0 = Release|Any CPU
		{6086C58E-C7B6-4A03-93E1-03B73390E675}.Debug|Any CPU.ActiveCfg = Debug|Any CPU
		{6086C58E-C7B6-4A03-93E1-03B73390E675}.Debug|Any CPU.Build.0 = Debug|Any CPU
		{6086C58E-C7B6-4A03-93E1-03B73390E675}.Debug|x64.ActiveCfg = Debug|Any CPU
		{6086C58E-C7B6-4A03-93E1-03B73390E675}.Debug|x64.Build.0 = Debug|Any CPU
		{6086C58E-C7B6-4A03-93E1-03B73390E675}.Debug|x86.ActiveCfg = Debug|Any CPU
		{6086C58E-C7B6-4A03-93E1-03B73390E675}.Debug|x86.Build.0 = Debug|Any CPU
		{6086C58E-C7B6-4A03-93E1-03B73390E675}.Release|Any CPU.ActiveCfg = Release|Any CPU
		{6086C58E-C7B6-4A03-93E1-03B73390E675}.Release|Any CPU.Build.0 = Release|Any CPU
		{6086C58E-C7B6-4A03-93E1-03B73390E675}.Release|x64.ActiveCfg = Release|Any CPU
		{6086C58E-C7B6-4A03-93E1-03B73390E675}.Release|x64.Build.0 = Release|Any CPU
		{6086C58E-C7B6-4A03-93E1-03B73390E675}.Release|x86.ActiveCfg = Release|Any CPU
		{6086C58E-C7B6-4A03-93E1-03B73390E675}.Release|x86.Build.0 = Release|Any CPU
		{A518CCF8-AC7B-4FCB-BBAC-736466639812}.Debug|Any CPU.ActiveCfg = Debug|Any CPU
		{A518CCF8-AC7B-4FCB-BBAC-736466639812}.Debug|Any CPU.Build.0 = Debug|Any CPU
		{A518CCF8-AC7B-4FCB-BBAC-736466639812}.Debug|x64.ActiveCfg = Debug|Any CPU
		{A518CCF8-AC7B-4FCB-BBAC-736466639812}.Debug|x64.Build.0 = Debug|Any CPU
		{A518CCF8-AC7B-4FCB-BBAC-736466639812}.Debug|x86.ActiveCfg = Debug|Any CPU
		{A518CCF8-AC7B-4FCB-BBAC-736466639812}.Debug|x86.Build.0 = Debug|Any CPU
		{A518CCF8-AC7B-4FCB-BBAC-736466639812}.Release|Any CPU.ActiveCfg = Release|Any CPU
		{A518CCF8-AC7B-4FCB-BBAC-736466639812}.Release|Any CPU.Build.0 = Release|Any CPU
		{A518CCF8-AC7B-4FCB-BBAC-736466639812}.Release|x64.ActiveCfg = Release|Any CPU
		{A518CCF8-AC7B-4FCB-BBAC-736466639812}.Release|x64.Build.0 = Release|Any CPU
		{A518CCF8-AC7B-4FCB-BBAC-736466639812}.Release|x86.ActiveCfg = Release|Any CPU
		{A518CCF8-AC7B-4FCB-BBAC-736466639812}.Release|x86.Build.0 = Release|Any CPU
		{89B9E6D5-2846-4455-A090-93BCAA97D13D}.Debug|Any CPU.ActiveCfg = Debug|Any CPU
		{89B9E6D5-2846-4455-A090-93BCAA97D13D}.Debug|Any CPU.Build.0 = Debug|Any CPU
		{89B9E6D5-2846-4455-A090-93BCAA97D13D}.Debug|x64.ActiveCfg = Debug|Any CPU
		{89B9E6D5-2846-4455-A090-93BCAA97D13D}.Debug|x64.Build.0 = Debug|Any CPU
		{89B9E6D5-2846-4455-A090-93BCAA97D13D}.Debug|x86.ActiveCfg = Debug|Any CPU
		{89B9E6D5-2846-4455-A090-93BCAA97D13D}.Debug|x86.Build.0 = Debug|Any CPU
		{89B9E6D5-2846-4455-A090-93BCAA97D13D}.Release|Any CPU.ActiveCfg = Release|Any CPU
		{89B9E6D5-2846-4455-A090-93BCAA97D13D}.Release|Any CPU.Build.0 = Release|Any CPU
		{89B9E6D5-2846-4455-A090-93BCAA97D13D}.Release|x64.ActiveCfg = Release|Any CPU
		{89B9E6D5-2846-4455-A090-93BCAA97D13D}.Release|x64.Build.0 = Release|Any CPU
		{89B9E6D5-2846-4455-A090-93BCAA97D13D}.Release|x86.ActiveCfg = Release|Any CPU
		{89B9E6D5-2846-4455-A090-93BCAA97D13D}.Release|x86.Build.0 = Release|Any CPU
		{AB1A6C2B-EA52-4EC4-B57B-4A23338D6095}.Debug|Any CPU.ActiveCfg = Debug|Any CPU
		{AB1A6C2B-EA52-4EC4-B57B-4A23338D6095}.Debug|Any CPU.Build.0 = Debug|Any CPU
		{AB1A6C2B-EA52-4EC4-B57B-4A23338D6095}.Debug|x64.ActiveCfg = Debug|Any CPU
		{AB1A6C2B-EA52-4EC4-B57B-4A23338D6095}.Debug|x64.Build.0 = Debug|Any CPU
		{AB1A6C2B-EA52-4EC4-B57B-4A23338D6095}.Debug|x86.ActiveCfg = Debug|Any CPU
		{AB1A6C2B-EA52-4EC4-B57B-4A23338D6095}.Debug|x86.Build.0 = Debug|Any CPU
		{AB1A6C2B-EA52-4EC4-B57B-4A23338D6095}.Release|Any CPU.ActiveCfg = Release|Any CPU
		{AB1A6C2B-EA52-4EC4-B57B-4A23338D6095}.Release|Any CPU.Build.0 = Release|Any CPU
		{AB1A6C2B-EA52-4EC4-B57B-4A23338D6095}.Release|x64.ActiveCfg = Release|Any CPU
		{AB1A6C2B-EA52-4EC4-B57B-4A23338D6095}.Release|x64.Build.0 = Release|Any CPU
		{AB1A6C2B-EA52-4EC4-B57B-4A23338D6095}.Release|x86.ActiveCfg = Release|Any CPU
		{AB1A6C2B-EA52-4EC4-B57B-4A23338D6095}.Release|x86.Build.0 = Release|Any CPU
		{5B0676B3-0C4D-46DC-9C44-A7829D70A7A8}.Debug|Any CPU.ActiveCfg = Debug|Any CPU
		{5B0676B3-0C4D-46DC-9C44-A7829D70A7A8}.Debug|Any CPU.Build.0 = Debug|Any CPU
		{5B0676B3-0C4D-46DC-9C44-A7829D70A7A8}.Debug|x64.ActiveCfg = Debug|Any CPU
		{5B0676B3-0C4D-46DC-9C44-A7829D70A7A8}.Debug|x64.Build.0 = Debug|Any CPU
		{5B0676B3-0C4D-46DC-9C44-A7829D70A7A8}.Debug|x86.ActiveCfg = Debug|Any CPU
		{5B0676B3-0C4D-46DC-9C44-A7829D70A7A8}.Debug|x86.Build.0 = Debug|Any CPU
		{5B0676B3-0C4D-46DC-9C44-A7829D70A7A8}.Release|Any CPU.ActiveCfg = Release|Any CPU
		{5B0676B3-0C4D-46DC-9C44-A7829D70A7A8}.Release|Any CPU.Build.0 = Release|Any CPU
		{5B0676B3-0C4D-46DC-9C44-A7829D70A7A8}.Release|x64.ActiveCfg = Release|Any CPU
		{5B0676B3-0C4D-46DC-9C44-A7829D70A7A8}.Release|x64.Build.0 = Release|Any CPU
		{5B0676B3-0C4D-46DC-9C44-A7829D70A7A8}.Release|x86.ActiveCfg = Release|Any CPU
		{5B0676B3-0C4D-46DC-9C44-A7829D70A7A8}.Release|x86.Build.0 = Release|Any CPU
		{9A6CC7F1-DA5B-48AD-9AFB-71C4860C89FA}.Debug|Any CPU.ActiveCfg = Debug|Any CPU
		{9A6CC7F1-DA5B-48AD-9AFB-71C4860C89FA}.Debug|Any CPU.Build.0 = Debug|Any CPU
		{9A6CC7F1-DA5B-48AD-9AFB-71C4860C89FA}.Debug|x64.ActiveCfg = Debug|Any CPU
		{9A6CC7F1-DA5B-48AD-9AFB-71C4860C89FA}.Debug|x64.Build.0 = Debug|Any CPU
		{9A6CC7F1-DA5B-48AD-9AFB-71C4860C89FA}.Debug|x86.ActiveCfg = Debug|Any CPU
		{9A6CC7F1-DA5B-48AD-9AFB-71C4860C89FA}.Debug|x86.Build.0 = Debug|Any CPU
		{9A6CC7F1-DA5B-48AD-9AFB-71C4860C89FA}.Release|Any CPU.ActiveCfg = Release|Any CPU
		{9A6CC7F1-DA5B-48AD-9AFB-71C4860C89FA}.Release|Any CPU.Build.0 = Release|Any CPU
		{9A6CC7F1-DA5B-48AD-9AFB-71C4860C89FA}.Release|x64.ActiveCfg = Release|Any CPU
		{9A6CC7F1-DA5B-48AD-9AFB-71C4860C89FA}.Release|x64.Build.0 = Release|Any CPU
		{9A6CC7F1-DA5B-48AD-9AFB-71C4860C89FA}.Release|x86.ActiveCfg = Release|Any CPU
		{9A6CC7F1-DA5B-48AD-9AFB-71C4860C89FA}.Release|x86.Build.0 = Release|Any CPU
	EndGlobalSection
	GlobalSection(SolutionProperties) = preSolution
		HideSolutionNode = FALSE
	EndGlobalSection
	GlobalSection(ExtensibilityGlobals) = postSolution
		SolutionGuid = {CEA3782C-24E1-4DEE-B45F-9349013B6B5E}
	EndGlobalSection
EndGlobal
